
Microsoft Visual Studio Solution File, Format Version 12.00
# Visual Studio Version 17
VisualStudioVersion = 17.14.36518.9 d17.14
MinimumVisualStudioVersion = 10.0.40219.1
Project("{FAE04EC0-301F-11D3-BF4B-00C04F79EFBC}") = "CountryExchangeApi", "CountryExchangeApi\CountryExchangeApi.csproj", "{401B6E5E-8B11-462E-899F-1F7DBD4DA7AB}"
EndProject
Global
	GlobalSection(SolutionConfigurationPlatforms) = preSolution
		Debug|Any CPU = Debug|Any CPU
		Release|Any CPU = Release|Any CPU
	EndGlobalSection
	GlobalSection(ProjectConfigurationPlatforms) = postSolution
		{401B6E5E-8B11-462E-899F-1F7DBD4DA7AB}.Debug|Any CPU.ActiveCfg = Debug|Any CPU
		{401B6E5E-8B11-462E-899F-1F7DBD4DA7AB}.Debug|Any CPU.Build.0 = Debug|Any CPU
		{401B6E5E-8B11-462E-899F-1F7DBD4DA7AB}.Release|Any CPU.ActiveCfg = Release|Any CPU
		{401B6E5E-8B11-462E-899F-1F7DBD4DA7AB}.Release|Any CPU.Build.0 = Release|Any CPU
	EndGlobalSection
	GlobalSection(SolutionProperties) = preSolution
		HideSolutionNode = FALSE
	EndGlobalSection
	GlobalSection(ExtensibilityGlobals) = postSolution
		SolutionGuid = {0E612D5C-5973-42DF-B962-2A113DB698B0}
	EndGlobalSection
EndGlobal
